
Microsoft Visual Studio Solution File, Format Version 12.00
# Visual Studio 14
VisualStudioVersion = 14.0.24720.0
MinimumVisualStudioVersion = 10.0.40219.1
Project("{FAE04EC0-301F-11D3-BF4B-00C04F79EFBC}") = "VendingMachine", "VendingMachine\VendingMachine.csproj", "{A95144A7-8500-4C0A-BE68-5FCDC12C277F}"
EndProject
Project("{FAE04EC0-301F-11D3-BF4B-00C04F79EFBC}") = "VendingMachineTests", "VendingMachineTests\VendingMachineTests.csproj", "{7EF6FB09-5410-4071-AACB-2FBB381B1264}"
EndProject
Global
	GlobalSection(SolutionConfigurationPlatforms) = preSolution
		Debug|Any CPU = Debug|Any CPU
		Release|Any CPU = Release|Any CPU
	EndGlobalSection
	GlobalSection(ProjectConfigurationPlatforms) = postSolution
		{A95144A7-8500-4C0A-BE68-5FCDC12C277F}.Debug|Any CPU.ActiveCfg = Debug|Any CPU
		{A95144A7-8500-4C0A-BE68-5FCDC12C277F}.Debug|Any CPU.Build.0 = Debug|Any CPU
		{A95144A7-8500-4C0A-BE68-5FCDC12C277F}.Release|Any CPU.ActiveCfg = Release|Any CPU
		{A95144A7-8500-4C0A-BE68-5FCDC12C277F}.Release|Any CPU.Build.0 = Release|Any CPU
		{7EF6FB09-5410-4071-AACB-2FBB381B1264}.Debug|Any CPU.ActiveCfg = Debug|Any CPU
		{7EF6FB09-5410-4071-AACB-2FBB381B1264}.Debug|Any CPU.Build.0 = Debug|Any CPU
		{7EF6FB09-5410-4071-AACB-2FBB381B1264}.Release|Any CPU.ActiveCfg = Release|Any CPU
		{7EF6FB09-5410-4071-AACB-2FBB381B1264}.Release|Any CPU.Build.0 = Release|Any CPU
	EndGlobalSection
	GlobalSection(SolutionProperties) = preSolution
		HideSolutionNode = FALSE
	EndGlobalSection
EndGlobal
